
Microsoft Visual Studio Solution File, Format Version 12.00
# Visual Studio Version 17
VisualStudioVersion = 17.3.32804.467
MinimumVisualStudioVersion = 10.0.40219.1
Project("{FAE04EC0-301F-11D3-BF4B-00C04F79EFBC}") = "MostrarPrimosAteN", "MostrarPrimosAteN\MostrarPrimosAteN.csproj", "{261317EF-5D5C-452A-BAD6-B8E12FACBD69}"
EndProject
Global
	GlobalSection(SolutionConfigurationPlatforms) = preSolution
		Debug|Any CPU = Debug|Any CPU
		Release|Any CPU = Release|Any CPU
	EndGlobalSection
	GlobalSection(ProjectConfigurationPlatforms) = postSolution
		{261317EF-5D5C-452A-BAD6-B8E12FACBD69}.Debug|Any CPU.ActiveCfg = Debug|Any CPU
		{261317EF-5D5C-452A-BAD6-B8E12FACBD69}.Debug|Any CPU.Build.0 = Debug|Any CPU
		{261317EF-5D5C-452A-BAD6-B8E12FACBD69}.Release|Any CPU.ActiveCfg = Release|Any CPU
		{261317EF-5D5C-452A-BAD6-B8E12FACBD69}.Release|Any CPU.Build.0 = Release|Any CPU
	EndGlobalSection
	GlobalSection(SolutionProperties) = preSolution
		HideSolutionNode = FALSE
	EndGlobalSection
	GlobalSection(ExtensibilityGlobals) = postSolution
		SolutionGuid = {4AD4ECEC-2B2A-4A30-9F81-5747CBBE184C}
	EndGlobalSection
EndGlobal
